
Microsoft Visual Studio Solution File, Format Version 12.00
# Visual Studio Version 17
VisualStudioVersion = 17.7.34221.43
MinimumVisualStudioVersion = 10.0.40219.1
Project("{FAE04EC0-301F-11D3-BF4B-00C04F79EFBC}") = "online_sms_site", "online_sms_site\online_sms_site.csproj", "{DDE57017-D69D-4775-BB4B-E9DED8D11DC9}"
EndProject
Global
	GlobalSection(SolutionConfigurationPlatforms) = preSolution
		Debug|Any CPU = Debug|Any CPU
		Release|Any CPU = Release|Any CPU
	EndGlobalSection
	GlobalSection(ProjectConfigurationPlatforms) = postSolution
		{DDE57017-D69D-4775-BB4B-E9DED8D11DC9}.Debug|Any CPU.ActiveCfg = Debug|Any CPU
		{DDE57017-D69D-4775-BB4B-E9DED8D11DC9}.Debug|Any CPU.Build.0 = Debug|Any CPU
		{DDE57017-D69D-4775-BB4B-E9DED8D11DC9}.Release|Any CPU.ActiveCfg = Release|Any CPU
		{DDE57017-D69D-4775-BB4B-E9DED8D11DC9}.Release|Any CPU.Build.0 = Release|Any CPU
	EndGlobalSection
	GlobalSection(SolutionProperties) = preSolution
		HideSolutionNode = FALSE
	EndGlobalSection
	GlobalSection(ExtensibilityGlobals) = postSolution
		SolutionGuid = {C48A5731-4518-474C-9F93-43CF784BD89F}
	EndGlobalSection
EndGlobal
